// !$*UTF8*$!
{
	archiveVersion = 1;
	classes = {
	};
	objectVersion = 50;
	objects = {

/* Begin PBXBuildFile section */
		57C43BE421ACCE8500AC2434 /* AppDelegate.swift in Sources */ = {isa = PBXBuildFile; fileRef = 57C43BE321ACCE8500AC2434 /* AppDelegate.swift */; };
		57C43BE621ACCE8500AC2434 /* ViewController.swift in Sources */ = {isa = PBXBuildFile; fileRef = 57C43BE521ACCE8500AC2434 /* ViewController.swift */; };
		57C43BE921ACCE8500AC2434 /* Main.storyboard in Resources */ = {isa = PBXBuildFile; fileRef = 57C43BE721ACCE8500AC2434 /* Main.storyboard */; };
		57C43BEE21ACCE8600AC2434 /* Assets.xcassets in Resources */ = {isa = PBXBuildFile; fileRef = 57C43BED21ACCE8600AC2434 /* Assets.xcassets */; };
		57C43BF121ACCE8600AC2434 /* LaunchScreen.storyboard in Resources */ = {isa = PBXBuildFile; fileRef = 57C43BEF21ACCE8600AC2434 /* LaunchScreen.storyboard */; };
		57C43BFE21ACE1FE00AC2434 /* Image.xcdatamodeld in Sources */ = {isa = PBXBuildFile; fileRef = 57C43BFC21ACE1FE00AC2434 /* Image.xcdatamodeld */; };
/* End PBXBuildFile section */

/* Begin PBXFileReference section */
		57C43BE021ACCE8500AC2434 /* SaveImageCoredataPer.app */ = {isa = PBXFileReference; explicitFileType = wrapper.application; includeInIndex = 0; path = SaveImageCoredataPer.app; sourceTree = BUILT_PRODUCTS_DIR; };
		57C43BE321ACCE8500AC2434 /* AppDelegate.swift */ = {isa = PBXFileReference; lastKnownFileType = sourcecode.swift; path = AppDelegate.swift; sourceTree = "<group>"; };
		57C43BE521ACCE8500AC2434 /* ViewController.swift */ = {isa = PBXFileReference; lastKnownFileType = sourcecode.swift; path = ViewController.swift; sourceTree = "<group>"; };
		57C43BE821ACCE8500AC2434 /* Base */ = {isa = PBXFileReference; lastKnownFileType = file.storyboard; name = Base; path = Base.lproj/Main.storyboard; sourceTree = "<group>"; };
		57C43BED21ACCE8600AC2434 /* Assets.xcassets */ = {isa = PBXFileReference; lastKnownFileType = folder.assetcatalog; path = Assets.xcassets; sourceTree = "<group>"; };
		57C43BF021ACCE8600AC2434 /* Base */ = {isa = PBXFileReference; lastKnownFileType = file.storyboard; name = Base; path = Base.lproj/LaunchScreen.storyboard; sourceTree = "<group>"; };
		57C43BF221ACCE8600AC2434 /* Info.plist */ = {isa = PBXFileReference; lastKnownFileType = text.plist.xml; path = Info.plist; sourceTree = "<group>"; };
		57C43BFD21ACE1FE00AC2434 /* Image.xcdatamodel */ = {isa = PBXFileReference; lastKnownFileType = wrapper.xcdatamodel; path = Image.xcdatamodel; sourceTree = "<group>"; };
/* End PBXFileReference section */

/* Begin PBXFrameworksBuildPhase section */
		57C43BDD21ACCE8500AC2434 /* Frameworks */ = {
			isa = PBXFrameworksBuildPhase;
			buildActionMask = 2147483647;
			files = (
			);
			runOnlyForDeploymentPostprocessing = 0;
		};
/* End PBXFrameworksBuildPhase section */

/* Begin PBXGroup section */
		57C43BD721ACCE8500AC2434 = {
			isa = PBXGroup;
			children = (
				57C43BE221ACCE8500AC2434 /* SaveImageCoredataPer */,
				57C43BE121ACCE8500AC2434 /* Products */,
			);
			sourceTree = "<group>";
		};
		57C43BE121ACCE8500AC2434 /* Products */ = {
			isa = PBXGroup;
			children = (
				57C43BE021ACCE8500AC2434 /* SaveImageCoredataPer.app */,
			);
			name = Products;
			sourceTree = "<group>";
		};
		57C43BE221ACCE8500AC2434 /* SaveImageCoredataPer */ = {
			isa = PBXGroup;
			children = (
				57C43BE321ACCE8500AC2434 /* AppDelegate.swift */,
				57C43BE521ACCE8500AC2434 /* ViewController.swift */,
				57C43BE721ACCE8500AC2434 /* Main.storyboard */,
				57C43BED21ACCE8600AC2434 /* Assets.xcassets */,
				57C43BEF21ACCE8600AC2434 /* LaunchScreen.storyboard */,
				57C43BF221ACCE8600AC2434 /* Info.plist */,
				57C43BFC21ACE1FE00AC2434 /* Image.xcdatamodeld */,
			);
			path = SaveImageCoredataPer;
			sourceTree = "<group>";
		};
/* End PBXGroup section */

/* Begin PBXNativeTarget section */
		57C43BDF21ACCE8500AC2434 /* SaveImageCoredataPer */ = {
			isa = PBXNativeTarget;
			buildConfigurationList = 57C43BF521ACCE8600AC2434 /* Build configuration list for PBXNativeTarget "SaveImageCoredataPer" */;
			buildPhases = (
				57C43BDC21ACCE8500AC2434 /* Sources */,
				57C43BDD21ACCE8500AC2434 /* Frameworks */,
				57C43BDE21ACCE8500AC2434 /* Resources */,
			);
			buildRules = (
			);
			dependencies = (
			);
			name = SaveImageCoredataPer;
			productName = SaveImageCoredataPer;
			productReference = 57C43BE021ACCE8500AC2434 /* SaveImageCoredataPer.app */;
			productType = "com.apple.product-type.application";
		};
/* End PBXNativeTarget section */

/* Begin PBXProject section */
		57C43BD821ACCE8500AC2434 /* Project object */ = {
			isa = PBXProject;
			attributes = {
				LastSwiftUpdateCheck = 1000;
				LastUpgradeCheck = 1000;
				ORGANIZATIONNAME = "Duc Anh";
				TargetAttributes = {
					57C43BDF21ACCE8500AC2434 = {
						CreatedOnToolsVersion = 10.0;
					};
				};
			};
			buildConfigurationList = 57C43BDB21ACCE8500AC2434 /* Build configuration list for PBXProject "SaveImageCoredataPer" */;
			compatibilityVersion = "Xcode 9.3";
			developmentRegion = en;
			hasScannedForEncodings = 0;
			knownRegions = (
				en,
				Base,
			);
			mainGroup = 57C43BD721ACCE8500AC2434;
			productRefGroup = 57C43BE121ACCE8500AC2434 /* Products */;
			projectDirPath = "";
			projectRoot = "";
			targets = (
				57C43BDF21ACCE8500AC2434 /* SaveImageCoredataPer */,
			);
		};
/* End PBXProject section */

/* Begin PBXResourcesBuildPhase section */
		57C43BDE21ACCE8500AC2434 /* Resources */ = {
			isa = PBXResourcesBuildPhase;
			buildActionMask = 2147483647;
			files = (
				57C43BF121ACCE8600AC2434 /* LaunchScreen.storyboard in Resources */,
				57C43BEE21ACCE8600AC2434 /* Assets.xcassets in Resources */,
				57C43BE921ACCE8500AC2434 /* Main.storyboard in Resources */,
			);
			runOnlyForDeploymentPostprocessing = 0;
		};
/* End PBXResourcesBuildPhase section */

/* Begin PBXSourcesBuildPhase section */
		57C43BDC21ACCE8500AC2434 /* Sources */ = {
			isa = PBXSourcesBuildPhase;
			buildActionMask = 2147483647;
			files = (
				57C43BFE21ACE1FE00AC2434 /* Image.xcdatamodeld in Sources */,
				57C43BE621ACCE8500AC2434 /* ViewController.swift in Sources */,
				57C43BE421ACCE8500AC2434 /* AppDelegate.swift in Sources */,
			);
			runOnlyForDeploymentPostprocessing = 0;
		};
/* End PBXSourcesBuildPhase section */

/* Begin PBXVariantGroup section */
		57C43BE721ACCE8500AC2434 /* Main.storyboard */ = {
			isa = PBXVariantGroup;
			children = (
				57C43BE821ACCE8500AC2434 /* Base */,
			);
			name = Main.storyboard;
			sourceTree = "<group>";
		};
		57C43BEF21ACCE8600AC2434 /* LaunchScreen.storyboard */ = {
			isa = PBXVariantGroup;
			children = (
				57C43BF021ACCE8600AC2434 /* Base */,
			);
			name = LaunchScreen.storyboard;
			sourceTree = "<group>";
		};
/* End PBXVariantGroup section */

/* Begin XCBuildConfiguration section */
		57C43BF321ACCE8600AC2434 /* Debug */ = {
			isa = XCBuildConfiguration;
			buildSettings = {
				ALWAYS_SEARCH_USER_PATHS = NO;
				CLANG_ANALYZER_NONNULL = YES;
				CLANG_ANALYZER_NUMBER_OBJECT_CONVERSION = YES_AGGRESSIVE;
				CLANG_CXX_LANGUAGE_STANDARD = "gnu++14";
				CLANG_CXX_LIBRARY = "libc++";
				CLANG_ENABLE_MODULES = YES;
				CLANG_ENABLE_OBJC_ARC = YES;
				CLANG_ENABLE_OBJC_WEAK = YES;
				CLANG_WARN_BLOCK_CAPTURE_AUTORELEASING = YES;
				CLANG_WARN_BOOL_CONVERSION = YES;
				CLANG_WARN_COMMA = YES;
				CLANG_WARN_CONSTANT_CONVERSION = YES;
				CLANG_WARN_DEPRECATED_OBJC_IMPLEMENTATIONS = YES;
				CLANG_WARN_DIRECT_OBJC_ISA_USAGE = YES_ERROR;
				CLANG_WARN_DOCUMENTATION_COMMENTS = YES;
				CLANG_WARN_EMPTY_BODY = YES;
				CLANG_WARN_ENUM_CONVERSION = YES;
				CLANG_WARN_INFINITE_RECURSION = YES;
				CLANG_WARN_INT_CONVERSION = YES;
				CLANG_WARN_NON_LITERAL_NULL_CONVERSION = YES;
				CLANG_WARN_OBJC_IMPLICIT_RETAIN_SELF = YES;
				CLANG_WARN_OBJC_LITERAL_CONVERSION = YES;
				CLANG_WARN_OBJC_ROOT_CLASS = YES_ERROR;
				CLANG_WARN_RANGE_LOOP_ANALYSIS = YES;
				CLANG_WARN_STRICT_PROTOTYPES = YES;
				CLANG_WARN_SUSPICIOUS_MOVE = YES;
				CLANG_WARN_UNGUARDED_AVAILABILITY = YES_AGGRESSIVE;
				CLANG_WARN_UNREACHABLE_CODE = YES;
				CLANG_WARN__DUPLICATE_METHOD_MATCH = YES;
				CODE_SIGN_IDENTITY = "iPhone Developer";
				COPY_PHASE_STRIP = NO;
				DEBUG_INFORMATION_FORMAT = dwarf;
				ENABLE_STRICT_OBJC_MSGSEND = YES;
				ENABLE_TESTABILITY = YES;
				GCC_C_LANGUAGE_STANDARD = gnu11;
				GCC_DYNAMIC_NO_PIC = NO;
				GCC_NO_COMMON_BLOCKS = YES;
				GCC_OPTIMIZATION_LEVEL = 0;
				GCC_PREPROCESSOR_DEFINITIONS = (
					"DEBUG=1",
					"$(inherited)",
				);
				GCC_WARN_64_TO_32_BIT_CONVERSION = YES;
				GCC_WARN_ABOUT_RETURN_TYPE = YES_ERROR;
				GCC_WARN_UNDECLARED_SELECTOR = YES;
				GCC_WARN_UNINITIALIZED_AUTOS = YES_AGGRESSIVE;
				GCC_WARN_UNUSED_FUNCTION = YES;
				GCC_WARN_UNUSED_VARIABLE = YES;
				IPHONEOS_DEPLOYMENT_TARGET = 12.0;
				MTL_ENABLE_DEBUG_INFO = INCLUDE_SOURCE;
				MTL_FAST_MATH = YES;
				ONLY_ACTIVE_ARCH = YES;
				SDKROOT = iphoneos;
				SWIFT_ACTIVE_COMPILATION_CONDITIONS = DEBUG;
				SWIFT_OPTIMIZATION_LEVEL = "-Onone";
			};
			name = Debug;
		};
		57C43BF421ACCE8600AC2434 /* Release */ = {
			isa = XCBuildConfiguration;
			buildSettings = {
				ALWAYS_SEARCH_USER_PATHS = NO;
				CLANG_ANALYZER_NONNULL = YES;
				CLANG_ANALYZER_NUMBER_OBJECT_CONVERSION = YES_AGGRESSIVE;
				CLANG_CXX_LANGUAGE_STANDARD = "gnu++14";
				CLANG_CXX_LIBRARY = "libc++";
				CLANG_ENABLE_MODULES = YES;
				CLANG_ENABLE_OBJC_ARC = YES;
				CLANG_ENABLE_OBJC_WEAK = YES;
				CLANG_WARN_BLOCK_CAPTURE_AUTORELEASING = YES;
				CLANG_WARN_BOOL_CONVERSION = YES;
				CLANG_WARN_COMMA = YES;
				CLANG_WARN_CONSTANT_CONVERSION = YES;
				CLANG_WARN_DEPRECATED_OBJC_IMPLEMENTATIONS = YES;
				CLANG_WARN_DIRECT_OBJC_ISA_USAGE = YES_ERROR;
				CLANG_WARN_DOCUMENTATION_COMMENTS = YES;
				CLANG_WARN_EMPTY_BODY = YES;
				CLANG_WARN_ENUM_CONVERSION = YES;
				CLANG_WARN_INFINITE_RECURSION = YES;
				CLANG_WARN_INT_CONVERSION = YES;
				CLANG_WARN_NON_LITERAL_NULL_CONVERSION = YES;
				CLANG_WARN_OBJC_IMPLICIT_RETAIN_SELF = YES;
				CLANG_WARN_OBJC_LITERAL_CONVERSION = YES;
				CLANG_WARN_OBJC_ROOT_CLASS = YES_ERROR;
				CLANG_WARN_RANGE_LOOP_ANALYSIS = YES;
				CLANG_WARN_STRICT_PROTOTYPES = YES;
				CLANG_WARN_SUSPICIOUS_MOVE = YES;
				CLANG_WARN_UNGUARDED_AVAILABILITY = YES_AGGRESSIVE;
				CLANG_WARN_UNREACHABLE_CODE = YES;
				CLANG_WARN__DUPLICATE_METHOD_MATCH = YES;
				CODE_SIGN_IDENTITY = "iPhone Developer";
				COPY_PHASE_STRIP = NO;
				DEBUG_INFORMATION_FORMAT = "dwarf-with-dsym";
				ENABLE_NS_ASSERTIONS = NO;
				ENABLE_STRICT_OBJC_MSGSEND = YES;
				GCC_C_LANGUAGE_STANDARD = gnu11;
				GCC_NO_COMMON_BLOCKS = YES;
				GCC_WARN_64_TO_32_BIT_CONVERSION = YES;
				GCC_WARN_ABOUT_RETURN_TYPE = YES_ERROR;
				GCC_WARN_UNDECLARED_SELECTOR = YES;
				GCC_WARN_UNINITIALIZED_AUTOS = YES_AGGRESSIVE;
				GCC_WARN_UNUSED_FUNCTION = YES;
				GCC_WARN_UNUSED_VARIABLE = YES;
				IPHONEOS_DEPLOYMENT_TARGET = 12.0;
				MTL_ENABLE_DEBUG_INFO = NO;
				MTL_FAST_MATH = YES;
				SDKROOT = iphoneos;
				SWIFT_COMPILATION_MODE = wholemodule;
				SWIFT_OPTIMIZATION_LEVEL = "-O";
				VALIDATE_PRODUCT = YES;
			};
			name = Release;
		};
		57C43BF621ACCE8600AC2434 /* Debug */ = {
			isa = XCBuildConfiguration;
			buildSettings = {
				ASSETCATALOG_COMPILER_APPICON_NAME = AppIcon;
				CODE_SIGN_STYLE = Automatic;
				INFOPLIST_FILE = SaveImageCoredataPer/Info.plist;
				LD_RUNPATH_SEARCH_PATHS = (
					"$(inherited)",
					"@executable_path/Frameworks",
				);
				PRODUCT_BUNDLE_IDENTIFIER = com.SaveImageCoredataPer;
				PRODUCT_NAME = "$(TARGET_NAME)";
				SWIFT_VERSION = 4.2;
				TARGETED_DEVICE_FAMILY = "1,2";
			};
			name = Debug;
		};
		57C43BF721ACCE8600AC2434 /* Release */ = {
			isa = XCBuildConfiguration;
			buildSettings = {
				ASSETCATALOG_COMPILER_APPICON_NAME = AppIcon;
				CODE_SIGN_STYLE = Automatic;
				INFOPLIST_FILE = SaveImageCoredataPer/Info.plist;
				LD_RUNPATH_SEARCH_PATHS = (
					"$(inherited)",
					"@executable_path/Frameworks",
				);
				PRODUCT_BUNDLE_IDENTIFIER = com.SaveImageCoredataPer;
				PRODUCT_NAME = "$(TARGET_NAME)";
				SWIFT_VERSION = 4.2;
				TARGETED_DEVICE_FAMILY = "1,2";
			};
			name = Release;
		};
/* End XCBuildConfiguration section */

/* Begin XCConfigurationList section */
		57C43BDB21ACCE8500AC2434 /* Build configuration list for PBXProject "SaveImageCoredataPer" */ = {
			isa = XCConfigurationList;
			buildConfigurations = (
				57C43BF321ACCE8600AC2434 /* Debug */,
				57C43BF421ACCE8600AC2434 /* Release */,
			);
			defaultConfigurationIsVisible = 0;
			defaultConfigurationName = Release;
		};
		57C43BF521ACCE8600AC2434 /* Build configuration list for PBXNativeTarget "SaveImageCoredataPer" */ = {
			isa = XCConfigurationList;
			buildConfigurations = (
				57C43BF621ACCE8600AC2434 /* Debug */,
				57C43BF721ACCE8600AC2434 /* Release */,
			);
			defaultConfigurationIsVisible = 0;
			defaultConfigurationName = Release;
		};
/* End XCConfigurationList section */

/* Begin XCVersionGroup section */
		57C43BFC21ACE1FE00AC2434 /* Image.xcdatamodeld */ = {
			isa = XCVersionGroup;
			children = (
				57C43BFD21ACE1FE00AC2434 /* Image.xcdatamodel */,
			);
			currentVersion = 57C43BFD21ACE1FE00AC2434 /* Image.xcdatamodel */;
			path = Image.xcdatamodeld;
			sourceTree = "<group>";
			versionGroupType = wrapper.xcdatamodel;
		};
/* End XCVersionGroup section */
	};
	rootObject = 57C43BD821ACCE8500AC2434 /* Project object */;
}
